{
  "name": "discordbot-v0.2",
  "version": "1.0.0",
  "lockfileVersion": 1,
  "requires": true,
  "dependencies": {
    "@types/better-sqlite3": {
      "version": "3.1.3",
      "resolved": "https://registry.npmjs.org/@types/better-sqlite3/-/better-sqlite3-3.1.3.tgz",
      "integrity": "sha1-zXTrCTk8zAYBS42brk+NXkuZxfs=",
      "requires": {
        "@types/integer": "*"
      }
    },
    "@types/integer": {
      "version": "1.0.0",
      "resolved": "https://registry.npmjs.org/@types/integer/-/integer-1.0.0.tgz",
      "integrity": "sha1-9bMTh2AS+tCv61MY8Dy4cQZOsz4="
    },
    "ansi-styles": {
      "version": "3.2.1",
      "resolved": "https://registry.npmjs.org/ansi-styles/-/ansi-styles-3.2.1.tgz",
      "integrity": "sha1-QfuyAkPlCxK+DwS43tvwdSDOhB0=",
      "requires": {
        "color-convert": "^1.9.0"
      }
    },
    "async-limiter": {
      "version": "1.0.0",
      "resolved": "https://registry.npmjs.org/async-limiter/-/async-limiter-1.0.0.tgz",
      "integrity": "sha1-ePrtjD0HSrgfIrTphdeehzj3IPg="
    },
    "balanced-match": {
      "version": "1.0.0",
      "resolved": "https://registry.npmjs.org/balanced-match/-/balanced-match-1.0.0.tgz",
      "integrity": "sha1-ibTRmasr7kneFk6gK4nORi1xt2c="
    },
    "better-sqlite-pool": {
      "version": "0.1.2",
      "resolved": "https://registry.npmjs.org/better-sqlite-pool/-/better-sqlite-pool-0.1.2.tgz",
      "integrity": "sha1-Kgbm+wjBL+PVr44fN5clswhVNUE=",
      "requires": {
        "@types/better-sqlite3": "^3.1.3",
        "better-sqlite3": "^4.1.1"
      }
    },
    "better-sqlite3": {
      "version": "4.1.4",
      "resolved": "https://registry.npmjs.org/better-sqlite3/-/better-sqlite3-4.1.4.tgz",
      "integrity": "sha1-n+Hc97aZCHuYsZl8uwAmHiZYl+I=",
      "requires": {
        "bindings": "^1.3.0",
        "integer": "^1.0.5"
      }
    },
    "bindings": {
      "version": "1.3.0",
      "resolved": "https://registry.npmjs.org/bindings/-/bindings-1.3.0.tgz",
      "integrity": "sha1-s0b27PapX1qBXFg5/HzbIlAvHtc="
    },
    "brace-expansion": {
      "version": "1.1.11",
      "resolved": "https://registry.npmjs.org/brace-expansion/-/brace-expansion-1.1.11.tgz",
      "integrity": "sha1-PH/L9SnYcibz0vUrlm/1Jx60Qd0=",
      "requires": {
        "balanced-match": "^1.0.0",
        "concat-map": "0.0.1"
      }
    },
    "chalk": {
      "version": "2.4.1",
      "resolved": "https://registry.npmjs.org/chalk/-/chalk-2.4.1.tgz",
      "integrity": "sha1-GMSasWoDe26wFSzIPjRxM4IVtm4=",
      "requires": {
        "ansi-styles": "^3.2.1",
        "escape-string-regexp": "^1.0.5",
        "supports-color": "^5.3.0"
      }
    },
    "color-convert": {
      "version": "1.9.2",
      "resolved": "https://registry.npmjs.org/color-convert/-/color-convert-1.9.2.tgz",
      "integrity": "sha1-SYgbj7pn3xKpa98/VsCqueeRMUc=",
      "requires": {
        "color-name": "1.1.1"
      }
    },
    "color-name": {
      "version": "1.1.1",
      "resolved": "https://registry.npmjs.org/color-name/-/color-name-1.1.1.tgz",
      "integrity": "sha1-SxQVMEz1ACjqgWQ2Q72C6gWANok="
    },
    "commander": {
      "version": "2.3.0",
      "resolved": "https://registry.npmjs.org/commander/-/commander-2.3.0.tgz",
      "integrity": "sha1-/UMOiJgy7DU7ms0d4hfBHLPu+HM="
    },
    "concat-map": {
      "version": "0.0.1",
      "resolved": "https://registry.npmjs.org/concat-map/-/concat-map-0.0.1.tgz",
      "integrity": "sha1-2Klr13/Wjfd5OnMDajug1UBdR3s="
    },
    "dblapi.js": {
      "version": "2.1.0",
      "resolved": "https://registry.npmjs.org/dblapi.js/-/dblapi.js-2.1.0.tgz",
      "integrity": "sha1-iI7Z966K03BhnQluWpdJJcgya8k=",
      "requires": {
        "snekfetch": "^4.0.2"
      },
      "dependencies": {
        "snekfetch": {
          "version": "4.0.4",
          "resolved": "https://registry.npmjs.org/snekfetch/-/snekfetch-4.0.4.tgz",
          "integrity": "sha512-dyycG9fvwtSJqKPfMVOpXt+60qvMGe7vWLwOJDiSJaiAx+hs2EnFChG2bXCWn7ulz+zGzrHdN9/yeEb0YqEPww=="
        }
      }
    },
    "debug": {
      "version": "2.2.0",
      "resolved": "https://registry.npmjs.org/debug/-/debug-2.2.0.tgz",
      "integrity": "sha1-+HBX6ZWxofauaklgZkE3vFbwOdo=",
      "requires": {
        "ms": "0.7.1"
      },
      "dependencies": {
        "ms": {
          "version": "0.7.1",
          "resolved": "https://registry.npmjs.org/ms/-/ms-0.7.1.tgz",
          "integrity": "sha1-nNE8A62/8ltl7/3nzoZO6VIBcJg="
        }
      }
    },
    "diff": {
      "version": "1.4.0",
      "resolved": "https://registry.npmjs.org/diff/-/diff-1.4.0.tgz",
      "integrity": "sha1-fyjS657nsVqX79ic5j3P2qPMur8="
    },
    "discord.js": {
      "version": "11.3.2",
      "resolved": "https://registry.npmjs.org/discord.js/-/discord.js-11.3.2.tgz",
      "integrity": "sha1-PEB0wcsaSRZYL7lt7V/6EyRBH5U=",
      "requires": {
        "long": "^4.0.0",
        "prism-media": "^0.0.2",
        "snekfetch": "^3.6.4",
        "tweetnacl": "^1.0.0",
        "ws": "^4.0.0"
      }
    },
    "dot-prop": {
      "version": "4.2.0",
      "resolved": "https://registry.npmjs.org/dot-prop/-/dot-prop-4.2.0.tgz",
      "integrity": "sha1-HxngwuGqDjJ5fEl5nyg3rGr2nFc=",
      "requires": {
        "is-obj": "^1.0.0"
      }
    },
    "enmap": {
      "version": "2.6.3",
      "resolved": "https://registry.npmjs.org/enmap/-/enmap-2.6.3.tgz",
      "integrity": "sha1-dDOMHCjKlIJGM5S3lJIzl/1KvOw=",
      "requires": {
        "dot-prop": "^4.2.0"
      }
    },
    "enmap-sqlite": {
      "version": "2.0.3",
      "resolved": "https://registry.npmjs.org/enmap-sqlite/-/enmap-sqlite-2.0.3.tgz",
      "integrity": "sha1-03Kwo3y5u9B1O3ZAh940YAhx6HU=",
      "requires": {
        "better-sqlite-pool": "^0.1.2"
      }
    },
    "escape-string-regexp": {
      "version": "1.0.5",
      "resolved": "https://registry.npmjs.org/escape-string-regexp/-/escape-string-regexp-1.0.5.tgz",
      "integrity": "sha1-G2HAViGQqN/2rjuyzwIAyhMLhtQ="
    },
    "fs.realpath": {
      "version": "1.0.0",
      "resolved": "https://registry.npmjs.org/fs.realpath/-/fs.realpath-1.0.0.tgz",
      "integrity": "sha1-FQStJSMVjKpA20onh8sBQRmU6k8="
    },
    "glob": {
      "version": "7.1.2",
      "resolved": "https://registry.npmjs.org/glob/-/glob-7.1.2.tgz",
      "integrity": "sha1-wZyd+aAocC1nhhI4SmVSQExjbRU=",
      "requires": {
        "fs.realpath": "^1.0.0",
        "inflight": "^1.0.4",
        "inherits": "2",
        "minimatch": "^3.0.4",
        "once": "^1.3.0",
        "path-is-absolute": "^1.0.0"
      }
    },
    "growl": {
      "version": "1.10.5",
      "resolved": "https://registry.npmjs.org/growl/-/growl-1.10.5.tgz",
      "integrity": "sha1-8nNdwig2dPpnR4sQGBBZNVw2nl4="
    },
    "has-flag": {
      "version": "3.0.0",
      "resolved": "https://registry.npmjs.org/has-flag/-/has-flag-3.0.0.tgz",
      "integrity": "sha1-tdRU3CGZriJWmfNGfloH87lVuv0="
    },
    "hastebin-gen": {
      "version": "1.3.1",
      "resolved": "https://registry.npmjs.org/hastebin-gen/-/hastebin-gen-1.3.1.tgz",
      "integrity": "sha1-3wN00LPYVHMnJ45EeAsCGwSuS1E=",
      "requires": {
        "snekfetch": "^3.2.4"
      }
    },
    "inflight": {
      "version": "1.0.6",
      "resolved": "https://registry.npmjs.org/inflight/-/inflight-1.0.6.tgz",
      "integrity": "sha1-Sb1jMdfQLQwJvJEKEHW6gWW1bfk=",
      "requires": {
        "once": "^1.3.0",
        "wrappy": "1"
      }
    },
    "inherits": {
      "version": "2.0.3",
      "resolved": "https://registry.npmjs.org/inherits/-/inherits-2.0.3.tgz",
      "integrity": "sha1-Yzwsg+PaQqUC9SRmAiSA9CCCYd4="
    },
    "integer": {
      "version": "1.0.5",
      "resolved": "https://registry.npmjs.org/integer/-/integer-1.0.5.tgz",
      "integrity": "sha1-ytv2B4KQOJ6OTikibmsAREM97sE=",
      "requires": {
        "bindings": "^1.3.0"
      }
    },
    "is-obj": {
      "version": "1.0.1",
      "resolved": "https://registry.npmjs.org/is-obj/-/is-obj-1.0.1.tgz",
      "integrity": "sha1-PkcprB9f3gJc19g6iW2rn09n2w8="
    },
    "jade": {
      "version": "0.26.3",
      "resolved": "https://registry.npmjs.org/jade/-/jade-0.26.3.tgz",
      "integrity": "sha1-jxDXl32NefL2/4YqgbBRPMslaGw=",
      "requires": {
        "commander": "0.6.1",
        "mkdirp": "0.3.0"
      },
      "dependencies": {
        "commander": {
          "version": "0.6.1",
          "resolved": "https://registry.npmjs.org/commander/-/commander-0.6.1.tgz",
          "integrity": "sha1-+mihT2qUXVTbvlDYzbMyDp47GgY="
        },
        "mkdirp": {
          "version": "0.3.0",
          "resolved": "https://registry.npmjs.org/mkdirp/-/mkdirp-0.3.0.tgz",
          "integrity": "sha1-G79asbqCevI1dRQ0kEJkVfSB/h4="
        }
      }
    },
    "long": {
      "version": "4.0.0",
      "resolved": "https://registry.npmjs.org/long/-/long-4.0.0.tgz",
      "integrity": "sha1-mntxz7fTYaGU6lVSQckvdGjVvyg="
    },
    "lru-cache": {
      "version": "2.7.3",
      "resolved": "https://registry.npmjs.org/lru-cache/-/lru-cache-2.7.3.tgz",
      "integrity": "sha1-bUUk6LlV+V1PW1iFHOId1y+06VI="
    },
    "minimatch": {
      "version": "3.0.4",
      "resolved": "https://registry.npmjs.org/minimatch/-/minimatch-3.0.4.tgz",
      "integrity": "sha1-UWbihkV/AzBgZL5Ul+jbsMPTIIM=",
      "requires": {
        "brace-expansion": "^1.1.7"
      }
    },
    "minimist": {
      "version": "0.0.8",
      "resolved": "https://registry.npmjs.org/minimist/-/minimist-0.0.8.tgz",
      "integrity": "sha1-hX/Kv8M5fSYluCKCYuhqp6ARsF0="
    },
    "mkdirp": {
      "version": "0.5.1",
      "resolved": "https://registry.npmjs.org/mkdirp/-/mkdirp-0.5.1.tgz",
      "integrity": "sha1-MAV0OOrGz3+MR2fzhkjWaX11yQM=",
      "requires": {
        "minimist": "0.0.8"
      }
    },
    "mocha": {
      "version": "2.5.3",
      "resolved": "https://registry.npmjs.org/mocha/-/mocha-2.5.3.tgz",
      "integrity": "sha1-FhvlvetJZ3HrmzV0UFC2IrWu/Fg=",
      "requires": {
        "commander": "2.3.0",
        "debug": "2.2.0",
        "diff": "1.4.0",
        "escape-string-regexp": "1.0.2",
        "glob": "3.2.11",
        "growl": "1.9.2",
        "jade": "0.26.3",
        "mkdirp": "0.5.1",
        "supports-color": "1.2.0",
        "to-iso-string": "0.0.2"
      },
      "dependencies": {
        "escape-string-regexp": {
          "version": "1.0.2",
          "resolved": "https://registry.npmjs.org/escape-string-regexp/-/escape-string-regexp-1.0.2.tgz",
          "integrity": "sha1-Tbwv5nTnGUnK8/smlc5/LcHZqNE="
        },
        "glob": {
          "version": "3.2.11",
          "resolved": "https://registry.npmjs.org/glob/-/glob-3.2.11.tgz",
          "integrity": "sha1-Spc/Y1uRkPcV0QmH1cAP0oFevj0=",
          "requires": {
            "inherits": "2",
            "minimatch": "0.3"
          }
        },
        "growl": {
          "version": "1.9.2",
          "resolved": "https://registry.npmjs.org/growl/-/growl-1.9.2.tgz",
          "integrity": "sha1-Dqd0NxXbjY3ixe3hd14bRayFwC8="
        },
        "minimatch": {
          "version": "0.3.0",
          "resolved": "https://registry.npmjs.org/minimatch/-/minimatch-0.3.0.tgz",
          "integrity": "sha1-J12O2qxPG7MyZHIInnlJyDlGmd0=",
          "requires": {
            "lru-cache": "2",
            "sigmund": "~1.0.0"
          }
        },
        "supports-color": {
          "version": "1.2.0",
          "resolved": "https://registry.npmjs.org/supports-color/-/supports-color-1.2.0.tgz",
          "integrity": "sha1-/x7R5hFp0Gs88tWI4YixjYhH4X4="
        }
      }
    },
    "moment": {
      "version": "2.22.2",
      "resolved": "https://registry.npmjs.org/moment/-/moment-2.22.2.tgz",
      "integrity": "sha1-PCV/mDn8DpP/UxSWMiOeuQeD/2Y="
    },
    "moment-format": {
      "version": "1.2.8",
      "resolved": "https://registry.npmjs.org/moment-format/-/moment-format-1.2.8.tgz",
      "integrity": "sha1-L1uzoC62DQH2wAUIFTUDA1Pjg+g=",
      "requires": {
        "lodash": "^3.10.1",
        "mocha": "^2.2.5",
        "moment": "^2.10.6",
        "should": "^7.0.2"
      },
      "dependencies": {
        "lodash": {
          "version": "3.10.1",
          "resolved": "https://registry.npmjs.org/lodash/-/lodash-3.10.1.tgz",
          "integrity": "sha1-W/Rejkm6QYnhfUgnid/RW9FAt7Y="
        }
      }
    },
    "ms": {
      "version": "2.1.1",
      "resolved": "https://registry.npmjs.org/ms/-/ms-2.1.1.tgz",
      "integrity": "sha512-tgp+dl5cGk28utYktBsrFqA7HKgrhgPsg6Z/EfhWI4gl1Hwq8B/GmY/0oXZ6nF8hDVesS/FpnYaD/kOWhYQvyg=="
    },
    "once": {
      "version": "1.4.0",
      "resolved": "https://registry.npmjs.org/once/-/once-1.4.0.tgz",
      "integrity": "sha1-WDsap3WWHUsROsF9nFC6753Xa9E=",
      "requires": {
        "wrappy": "1"
      }
    },
    "parse-ms": {
      "version": "2.0.0",
      "resolved": "https://registry.npmjs.org/parse-ms/-/parse-ms-2.0.0.tgz",
      "integrity": "sha1-ezZAKVEAyvP6AQDMzrVmNbYvnWI="
    },
    "path-is-absolute": {
      "version": "1.0.1",
      "resolved": "https://registry.npmjs.org/path-is-absolute/-/path-is-absolute-1.0.1.tgz",
      "integrity": "sha1-F0uSaHNVNP+8es5r9TpanhtcX18="
    },
    "prism-media": {
      "version": "0.0.2",
      "resolved": "https://registry.npmjs.org/prism-media/-/prism-media-0.0.2.tgz",
      "integrity": "sha1-qpF7CEV2xN9kiOTqjn1tRK7UtBE="
    },
    "safe-buffer": {
      "version": "5.1.2",
      "resolved": "https://registry.npmjs.org/safe-buffer/-/safe-buffer-5.1.2.tgz",
      "integrity": "sha1-mR7GnSluAxN0fVm9/St0XDX4go0="
    },
    "should": {
      "version": "7.1.1",
      "resolved": "https://registry.npmjs.org/should/-/should-7.1.1.tgz",
      "integrity": "sha1-ZGTEi298Hh8YrASDV4+i3VXCxuA=",
      "requires": {
        "should-equal": "0.5.0",
        "should-format": "0.3.1",
        "should-type": "0.2.0"
      }
    },
    "should-equal": {
      "version": "0.5.0",
      "resolved": "http://registry.npmjs.org/should-equal/-/should-equal-0.5.0.tgz",
      "integrity": "sha1-x5fxNfMGf+tp6+zbMGscP+IbPm8=",
      "requires": {
        "should-type": "0.2.0"
      }
    },
    "should-format": {
      "version": "0.3.1",
      "resolved": "https://registry.npmjs.org/should-format/-/should-format-0.3.1.tgz",
      "integrity": "sha1-LLt4JGFnCs5CkrKx7EaNuM+Z4zA=",
      "requires": {
        "should-type": "0.2.0"
      }
    },
    "should-type": {
      "version": "0.2.0",
      "resolved": "https://registry.npmjs.org/should-type/-/should-type-0.2.0.tgz",
      "integrity": "sha1-ZwfvlVKdmJ3MCY/gdTqx+RNrt/Y="
    },
    "sigmund": {
      "version": "1.0.1",
      "resolved": "https://registry.npmjs.org/sigmund/-/sigmund-1.0.1.tgz",
      "integrity": "sha1-P/IfGYytIXX587eBhT/ZTQ0ZtZA="
    },
    "snekfetch": {
      "version": "3.6.4",
      "resolved": "https://registry.npmjs.org/snekfetch/-/snekfetch-3.6.4.tgz",
      "integrity": "sha512-NjxjITIj04Ffqid5lqr7XdgwM7X61c/Dns073Ly170bPQHLm6jkmelye/eglS++1nfTWktpP6Y2bFXjdPlQqdw=="
    },
    "string-similarity": {
      "version": "1.2.0",
      "resolved": "https://registry.npmjs.org/string-similarity/-/string-similarity-1.2.0.tgz",
      "integrity": "sha1-11FTyzg4RjGLejmo2SkrtNtOnDA=",
      "requires": {
        "lodash": "^4.13.1"
      },
      "dependencies": {
        "lodash": {
          "version": "4.17.10",
          "resolved": "https://registry.npmjs.org/lodash/-/lodash-4.17.10.tgz",
          "integrity": "sha1-G3eTz3JZ6jj7NmHU04syYK+K5Oc="
        }
      }
    },
    "supports-color": {
      "version": "5.4.0",
      "resolved": "https://registry.npmjs.org/supports-color/-/supports-color-5.4.0.tgz",
      "integrity": "sha1-HGszdALCE3YF7+GfEP7DkPb6q1Q=",
      "requires": {
        "has-flag": "^3.0.0"
      }
    },
    "to-iso-string": {
      "version": "0.0.2",
      "resolved": "https://registry.npmjs.org/to-iso-string/-/to-iso-string-0.0.2.tgz",
      "integrity": "sha1-TcGeZk38y+Jb2NtQiwDG2hWCVdE="
    },
    "tweetnacl": {
      "version": "1.0.0",
      "resolved": "https://registry.npmjs.org/tweetnacl/-/tweetnacl-1.0.0.tgz",
      "integrity": "sha1-cT2LgY2kIGh0C/aDhtBHnmb8ins="
    },
    "wrappy": {
      "version": "1.0.2",
      "resolved": "https://registry.npmjs.org/wrappy/-/wrappy-1.0.2.tgz",
      "integrity": "sha1-tSQ9jz7BqjXxNkYFvA0QNuMKtp8="
    },
    "ws": {
      "version": "4.1.0",
      "resolved": "https://registry.npmjs.org/ws/-/ws-4.1.0.tgz",
      "integrity": "sha1-qXm119TaaL9U7+BAiWfDJIaacok=",
      "requires": {
        "async-limiter": "~1.0.0",
        "safe-buffer": "~5.1.0"
      }
    }
  }
}
